{
  "name": "backend",
  "lockfileVersion": 3,
  "requires": true,
  "packages": {
    "": {
      "dependencies": {
        "copilotkit": "^2.0.4"
      }
    },
    "node_modules/copilotkit": {
      "version": "2.0.4",
      "resolved": "https://registry.npmjs.org/copilotkit/-/copilotkit-2.0.4.tgz",
      "integrity": "sha512-g9KEFYJ3WlTfMgBBtqkuTPjE7kTti1z6BJrseopmUfnUoyvZnclKmnAVv+9igl4F5H485ErQyDve2Qc6hK6nkg==",
      "bin": {
        "copilotkit": "index.js"
      }
    }
  }
}
